// !$*UTF8*$!
{
	archiveVersion = 1;
	classes = {
	};
	objectVersion = 56;
	objects = {

/* Begin PBXBuildFile section */
		F1BCABF429660BFC008E2FE8 /* SelfMadeNetworkingApp.swift in Sources */ = {isa = PBXBuildFile; fileRef = F1BCABF329660BFC008E2FE8 /* SelfMadeNetworkingApp.swift */; };
		F1BCABF629660BFC008E2FE8 /* ContentView.swift in Sources */ = {isa = PBXBuildFile; fileRef = F1BCABF529660BFC008E2FE8 /* ContentView.swift */; };
		F1BCABF829660C00008E2FE8 /* Assets.xcassets in Resources */ = {isa = PBXBuildFile; fileRef = F1BCABF729660C00008E2FE8 /* Assets.xcassets */; };
		F1BCABFC29660C00008E2FE8 /* Preview Assets.xcassets in Resources */ = {isa = PBXBuildFile; fileRef = F1BCABFB29660C00008E2FE8 /* Preview Assets.xcassets */; };
		F1BCAC0429660C92008E2FE8 /* APISession.swift in Sources */ = {isa = PBXBuildFile; fileRef = F1BCAC0329660C92008E2FE8 /* APISession.swift */; };
		F1BCAC0729660D45008E2FE8 /* APISessionManagerProtocol.swift in Sources */ = {isa = PBXBuildFile; fileRef = F1BCAC0629660D45008E2FE8 /* APISessionManagerProtocol.swift */; };
		F1BCAC0A29660DAF008E2FE8 /* URLRequestDescriptor.swift in Sources */ = {isa = PBXBuildFile; fileRef = F1BCAC0929660DAF008E2FE8 /* URLRequestDescriptor.swift */; };
		F1BCAC0C29660DE3008E2FE8 /* HttpDtoResponse.swift in Sources */ = {isa = PBXBuildFile; fileRef = F1BCAC0B29660DE3008E2FE8 /* HttpDtoResponse.swift */; };
		F1BCAC0E29660E23008E2FE8 /* HttpBody.swift in Sources */ = {isa = PBXBuildFile; fileRef = F1BCAC0D29660E23008E2FE8 /* HttpBody.swift */; };
		F1BCAC1029660E56008E2FE8 /* Media.swift in Sources */ = {isa = PBXBuildFile; fileRef = F1BCAC0F29660E56008E2FE8 /* Media.swift */; };
		F1BCAC1229660ECC008E2FE8 /* MediaFormat.swift in Sources */ = {isa = PBXBuildFile; fileRef = F1BCAC1129660ECC008E2FE8 /* MediaFormat.swift */; };
		F1BCAC1429660F16008E2FE8 /* MediaKey.swift in Sources */ = {isa = PBXBuildFile; fileRef = F1BCAC1329660F16008E2FE8 /* MediaKey.swift */; };
		F1BCAC1629660F3A008E2FE8 /* HttpContentType.swift in Sources */ = {isa = PBXBuildFile; fileRef = F1BCAC1529660F3A008E2FE8 /* HttpContentType.swift */; };
		F1BCAC1829660F61008E2FE8 /* DecodingStrategy.swift in Sources */ = {isa = PBXBuildFile; fileRef = F1BCAC1729660F61008E2FE8 /* DecodingStrategy.swift */; };
		F1BCAC1A29660F84008E2FE8 /* HttpMethod.swift in Sources */ = {isa = PBXBuildFile; fileRef = F1BCAC1929660F84008E2FE8 /* HttpMethod.swift */; };
		F1BCAC1C29660FEA008E2FE8 /* NetworkError.swift in Sources */ = {isa = PBXBuildFile; fileRef = F1BCAC1B29660FEA008E2FE8 /* NetworkError.swift */; };
		F1BCAC1E29661049008E2FE8 /* RequestConfigurator.swift in Sources */ = {isa = PBXBuildFile; fileRef = F1BCAC1D29661049008E2FE8 /* RequestConfigurator.swift */; };
		F1BCAC2229661132008E2FE8 /* Data+append.swift in Sources */ = {isa = PBXBuildFile; fileRef = F1BCAC2129661132008E2FE8 /* Data+append.swift */; };
		F1BCAC24296611CE008E2FE8 /* Date+ios8601Full.swift in Sources */ = {isa = PBXBuildFile; fileRef = F1BCAC23296611CE008E2FE8 /* Date+ios8601Full.swift */; };
		F1BCAC2629661200008E2FE8 /* Data+getJson.swift in Sources */ = {isa = PBXBuildFile; fileRef = F1BCAC2529661200008E2FE8 /* Data+getJson.swift */; };
		F1BCAC282966123C008E2FE8 /* NetworkController.swift in Sources */ = {isa = PBXBuildFile; fileRef = F1BCAC272966123C008E2FE8 /* NetworkController.swift */; };
		F1BCAC2A29661359008E2FE8 /* ErrorSource.swift in Sources */ = {isa = PBXBuildFile; fileRef = F1BCAC2929661359008E2FE8 /* ErrorSource.swift */; };
		F1BCAC2D2966C600008E2FE8 /* EmptyCodable.swift in Sources */ = {isa = PBXBuildFile; fileRef = F1BCAC2C2966C600008E2FE8 /* EmptyCodable.swift */; };
/* End PBXBuildFile section */

/* Begin PBXFileReference section */
		F1BCABF029660BFC008E2FE8 /* SelfMadeNetworking.app */ = {isa = PBXFileReference; explicitFileType = wrapper.application; includeInIndex = 0; path = SelfMadeNetworking.app; sourceTree = BUILT_PRODUCTS_DIR; };
		F1BCABF329660BFC008E2FE8 /* SelfMadeNetworkingApp.swift */ = {isa = PBXFileReference; lastKnownFileType = sourcecode.swift; path = SelfMadeNetworkingApp.swift; sourceTree = "<group>"; };
		F1BCABF529660BFC008E2FE8 /* ContentView.swift */ = {isa = PBXFileReference; lastKnownFileType = sourcecode.swift; path = ContentView.swift; sourceTree = "<group>"; };
		F1BCABF729660C00008E2FE8 /* Assets.xcassets */ = {isa = PBXFileReference; lastKnownFileType = folder.assetcatalog; path = Assets.xcassets; sourceTree = "<group>"; };
		F1BCABF929660C00008E2FE8 /* SelfMadeNetworking.entitlements */ = {isa = PBXFileReference; lastKnownFileType = text.plist.entitlements; path = SelfMadeNetworking.entitlements; sourceTree = "<group>"; };
		F1BCABFB29660C00008E2FE8 /* Preview Assets.xcassets */ = {isa = PBXFileReference; lastKnownFileType = folder.assetcatalog; path = "Preview Assets.xcassets"; sourceTree = "<group>"; };
		F1BCAC0329660C92008E2FE8 /* APISession.swift */ = {isa = PBXFileReference; lastKnownFileType = sourcecode.swift; path = APISession.swift; sourceTree = "<group>"; };
		F1BCAC0629660D45008E2FE8 /* APISessionManagerProtocol.swift */ = {isa = PBXFileReference; lastKnownFileType = sourcecode.swift; path = APISessionManagerProtocol.swift; sourceTree = "<group>"; };
		F1BCAC0929660DAF008E2FE8 /* URLRequestDescriptor.swift */ = {isa = PBXFileReference; lastKnownFileType = sourcecode.swift; path = URLRequestDescriptor.swift; sourceTree = "<group>"; };
		F1BCAC0B29660DE3008E2FE8 /* HttpDtoResponse.swift */ = {isa = PBXFileReference; lastKnownFileType = sourcecode.swift; path = HttpDtoResponse.swift; sourceTree = "<group>"; };
		F1BCAC0D29660E23008E2FE8 /* HttpBody.swift */ = {isa = PBXFileReference; lastKnownFileType = sourcecode.swift; path = HttpBody.swift; sourceTree = "<group>"; };
		F1BCAC0F29660E56008E2FE8 /* Media.swift */ = {isa = PBXFileReference; lastKnownFileType = sourcecode.swift; path = Media.swift; sourceTree = "<group>"; };
		F1BCAC1129660ECC008E2FE8 /* MediaFormat.swift */ = {isa = PBXFileReference; lastKnownFileType = sourcecode.swift; path = MediaFormat.swift; sourceTree = "<group>"; };
		F1BCAC1329660F16008E2FE8 /* MediaKey.swift */ = {isa = PBXFileReference; lastKnownFileType = sourcecode.swift; path = MediaKey.swift; sourceTree = "<group>"; };
		F1BCAC1529660F3A008E2FE8 /* HttpContentType.swift */ = {isa = PBXFileReference; lastKnownFileType = sourcecode.swift; path = HttpContentType.swift; sourceTree = "<group>"; };
		F1BCAC1729660F61008E2FE8 /* DecodingStrategy.swift */ = {isa = PBXFileReference; lastKnownFileType = sourcecode.swift; path = DecodingStrategy.swift; sourceTree = "<group>"; };
		F1BCAC1929660F84008E2FE8 /* HttpMethod.swift */ = {isa = PBXFileReference; lastKnownFileType = sourcecode.swift; path = HttpMethod.swift; sourceTree = "<group>"; };
		F1BCAC1B29660FEA008E2FE8 /* NetworkError.swift */ = {isa = PBXFileReference; lastKnownFileType = sourcecode.swift; path = NetworkError.swift; sourceTree = "<group>"; };
		F1BCAC1D29661049008E2FE8 /* RequestConfigurator.swift */ = {isa = PBXFileReference; lastKnownFileType = sourcecode.swift; path = RequestConfigurator.swift; sourceTree = "<group>"; };
		F1BCAC2129661132008E2FE8 /* Data+append.swift */ = {isa = PBXFileReference; lastKnownFileType = sourcecode.swift; path = "Data+append.swift"; sourceTree = "<group>"; };
		F1BCAC23296611CE008E2FE8 /* Date+ios8601Full.swift */ = {isa = PBXFileReference; lastKnownFileType = sourcecode.swift; path = "Date+ios8601Full.swift"; sourceTree = "<group>"; };
		F1BCAC2529661200008E2FE8 /* Data+getJson.swift */ = {isa = PBXFileReference; lastKnownFileType = sourcecode.swift; path = "Data+getJson.swift"; sourceTree = "<group>"; };
		F1BCAC272966123C008E2FE8 /* NetworkController.swift */ = {isa = PBXFileReference; lastKnownFileType = sourcecode.swift; path = NetworkController.swift; sourceTree = "<group>"; };
		F1BCAC2929661359008E2FE8 /* ErrorSource.swift */ = {isa = PBXFileReference; lastKnownFileType = sourcecode.swift; path = ErrorSource.swift; sourceTree = "<group>"; };
		F1BCAC2C2966C600008E2FE8 /* EmptyCodable.swift */ = {isa = PBXFileReference; lastKnownFileType = sourcecode.swift; path = EmptyCodable.swift; sourceTree = "<group>"; };
/* End PBXFileReference section */

/* Begin PBXFrameworksBuildPhase section */
		F1BCABED29660BFC008E2FE8 /* Frameworks */ = {
			isa = PBXFrameworksBuildPhase;
			buildActionMask = 2147483647;
			files = (
			);
			runOnlyForDeploymentPostprocessing = 0;
		};
/* End PBXFrameworksBuildPhase section */

/* Begin PBXGroup section */
		F1BCABE729660BFB008E2FE8 = {
			isa = PBXGroup;
			children = (
				F1BCABF229660BFC008E2FE8 /* SelfMadeNetworking */,
				F1BCABF129660BFC008E2FE8 /* Products */,
			);
			sourceTree = "<group>";
		};
		F1BCABF129660BFC008E2FE8 /* Products */ = {
			isa = PBXGroup;
			children = (
				F1BCABF029660BFC008E2FE8 /* SelfMadeNetworking.app */,
			);
			name = Products;
			sourceTree = "<group>";
		};
		F1BCABF229660BFC008E2FE8 /* SelfMadeNetworking */ = {
			isa = PBXGroup;
			children = (
				F1BCAC2B2966C5CD008E2FE8 /* Models */,
				F1BCAC1F296610BE008E2FE8 /* Global */,
				F1BCAC0229660C6A008E2FE8 /* Network */,
				F1BCABF329660BFC008E2FE8 /* SelfMadeNetworkingApp.swift */,
				F1BCABF529660BFC008E2FE8 /* ContentView.swift */,
				F1BCABF729660C00008E2FE8 /* Assets.xcassets */,
				F1BCABF929660C00008E2FE8 /* SelfMadeNetworking.entitlements */,
				F1BCABFA29660C00008E2FE8 /* Preview Content */,
			);
			path = SelfMadeNetworking;
			sourceTree = "<group>";
		};
		F1BCABFA29660C00008E2FE8 /* Preview Content */ = {
			isa = PBXGroup;
			children = (
				F1BCABFB29660C00008E2FE8 /* Preview Assets.xcassets */,
			);
			path = "Preview Content";
			sourceTree = "<group>";
		};
		F1BCAC0229660C6A008E2FE8 /* Network */ = {
			isa = PBXGroup;
			children = (
				F1BCAC0329660C92008E2FE8 /* APISession.swift */,
				F1BCAC272966123C008E2FE8 /* NetworkController.swift */,
				F1BCAC1D29661049008E2FE8 /* RequestConfigurator.swift */,
				F1BCAC1B29660FEA008E2FE8 /* NetworkError.swift */,
				F1BCAC2929661359008E2FE8 /* ErrorSource.swift */,
				F1BCAC0529660D1C008E2FE8 /* Protocols */,
			);
			path = Network;
			sourceTree = "<group>";
		};
		F1BCAC0529660D1C008E2FE8 /* Protocols */ = {
			isa = PBXGroup;
			children = (
				F1BCAC0829660D88008E2FE8 /* RequestDescriptor */,
				F1BCAC0629660D45008E2FE8 /* APISessionManagerProtocol.swift */,
			);
			path = Protocols;
			sourceTree = "<group>";
		};
		F1BCAC0829660D88008E2FE8 /* RequestDescriptor */ = {
			isa = PBXGroup;
			children = (
				F1BCAC0929660DAF008E2FE8 /* URLRequestDescriptor.swift */,
				F1BCAC0B29660DE3008E2FE8 /* HttpDtoResponse.swift */,
				F1BCAC0D29660E23008E2FE8 /* HttpBody.swift */,
				F1BCAC0F29660E56008E2FE8 /* Media.swift */,
				F1BCAC1129660ECC008E2FE8 /* MediaFormat.swift */,
				F1BCAC1329660F16008E2FE8 /* MediaKey.swift */,
				F1BCAC1529660F3A008E2FE8 /* HttpContentType.swift */,
				F1BCAC1729660F61008E2FE8 /* DecodingStrategy.swift */,
				F1BCAC1929660F84008E2FE8 /* HttpMethod.swift */,
			);
			path = RequestDescriptor;
			sourceTree = "<group>";
		};
		F1BCAC1F296610BE008E2FE8 /* Global */ = {
			isa = PBXGroup;
			children = (
				F1BCAC20296610CF008E2FE8 /* Extensions */,
			);
			path = Global;
			sourceTree = "<group>";
		};
		F1BCAC20296610CF008E2FE8 /* Extensions */ = {
			isa = PBXGroup;
			children = (
				F1BCAC2129661132008E2FE8 /* Data+append.swift */,
				F1BCAC23296611CE008E2FE8 /* Date+ios8601Full.swift */,
				F1BCAC2529661200008E2FE8 /* Data+getJson.swift */,
			);
			path = Extensions;
			sourceTree = "<group>";
		};
		F1BCAC2B2966C5CD008E2FE8 /* Models */ = {
			isa = PBXGroup;
			children = (
				F1BCAC2C2966C600008E2FE8 /* EmptyCodable.swift */,
			);
			path = Models;
			sourceTree = "<group>";
		};
/* End PBXGroup section */

/* Begin PBXNativeTarget section */
		F1BCABEF29660BFC008E2FE8 /* SelfMadeNetworking */ = {
			isa = PBXNativeTarget;
			buildConfigurationList = F1BCABFF29660C00008E2FE8 /* Build configuration list for PBXNativeTarget "SelfMadeNetworking" */;
			buildPhases = (
				F1BCABEC29660BFC008E2FE8 /* Sources */,
				F1BCABED29660BFC008E2FE8 /* Frameworks */,
				F1BCABEE29660BFC008E2FE8 /* Resources */,
			);
			buildRules = (
			);
			dependencies = (
			);
			name = SelfMadeNetworking;
			productName = SelfMadeNetworking;
			productReference = F1BCABF029660BFC008E2FE8 /* SelfMadeNetworking.app */;
			productType = "com.apple.product-type.application";
		};
/* End PBXNativeTarget section */

/* Begin PBXProject section */
		F1BCABE829660BFB008E2FE8 /* Project object */ = {
			isa = PBXProject;
			attributes = {
				BuildIndependentTargetsInParallel = 1;
				LastSwiftUpdateCheck = 1420;
				LastUpgradeCheck = 1420;
				TargetAttributes = {
					F1BCABEF29660BFC008E2FE8 = {
						CreatedOnToolsVersion = 14.2;
					};
				};
			};
			buildConfigurationList = F1BCABEB29660BFB008E2FE8 /* Build configuration list for PBXProject "SelfMadeNetworking" */;
			compatibilityVersion = "Xcode 14.0";
			developmentRegion = en;
			hasScannedForEncodings = 0;
			knownRegions = (
				en,
				Base,
			);
			mainGroup = F1BCABE729660BFB008E2FE8;
			productRefGroup = F1BCABF129660BFC008E2FE8 /* Products */;
			projectDirPath = "";
			projectRoot = "";
			targets = (
				F1BCABEF29660BFC008E2FE8 /* SelfMadeNetworking */,
			);
		};
/* End PBXProject section */

/* Begin PBXResourcesBuildPhase section */
		F1BCABEE29660BFC008E2FE8 /* Resources */ = {
			isa = PBXResourcesBuildPhase;
			buildActionMask = 2147483647;
			files = (
				F1BCABFC29660C00008E2FE8 /* Preview Assets.xcassets in Resources */,
				F1BCABF829660C00008E2FE8 /* Assets.xcassets in Resources */,
			);
			runOnlyForDeploymentPostprocessing = 0;
		};
/* End PBXResourcesBuildPhase section */

/* Begin PBXSourcesBuildPhase section */
		F1BCABEC29660BFC008E2FE8 /* Sources */ = {
			isa = PBXSourcesBuildPhase;
			buildActionMask = 2147483647;
			files = (
				F1BCAC0C29660DE3008E2FE8 /* HttpDtoResponse.swift in Sources */,
				F1BCAC282966123C008E2FE8 /* NetworkController.swift in Sources */,
				F1BCAC1C29660FEA008E2FE8 /* NetworkError.swift in Sources */,
				F1BCAC0A29660DAF008E2FE8 /* URLRequestDescriptor.swift in Sources */,
				F1BCAC1A29660F84008E2FE8 /* HttpMethod.swift in Sources */,
				F1BCAC0E29660E23008E2FE8 /* HttpBody.swift in Sources */,
				F1BCABF629660BFC008E2FE8 /* ContentView.swift in Sources */,
				F1BCAC2A29661359008E2FE8 /* ErrorSource.swift in Sources */,
				F1BCAC1629660F3A008E2FE8 /* HttpContentType.swift in Sources */,
				F1BCAC1429660F16008E2FE8 /* MediaKey.swift in Sources */,
				F1BCAC2D2966C600008E2FE8 /* EmptyCodable.swift in Sources */,
				F1BCAC1229660ECC008E2FE8 /* MediaFormat.swift in Sources */,
				F1BCAC2229661132008E2FE8 /* Data+append.swift in Sources */,
				F1BCAC2629661200008E2FE8 /* Data+getJson.swift in Sources */,
				F1BCAC1E29661049008E2FE8 /* RequestConfigurator.swift in Sources */,
				F1BCAC0729660D45008E2FE8 /* APISessionManagerProtocol.swift in Sources */,
				F1BCABF429660BFC008E2FE8 /* SelfMadeNetworkingApp.swift in Sources */,
				F1BCAC1829660F61008E2FE8 /* DecodingStrategy.swift in Sources */,
				F1BCAC24296611CE008E2FE8 /* Date+ios8601Full.swift in Sources */,
				F1BCAC1029660E56008E2FE8 /* Media.swift in Sources */,
				F1BCAC0429660C92008E2FE8 /* APISession.swift in Sources */,
			);
			runOnlyForDeploymentPostprocessing = 0;
		};
/* End PBXSourcesBuildPhase section */

/* Begin XCBuildConfiguration section */
		F1BCABFD29660C00008E2FE8 /* Debug */ = {
			isa = XCBuildConfiguration;
			buildSettings = {
				ALWAYS_SEARCH_USER_PATHS = NO;
				CLANG_ANALYZER_NONNULL = YES;
				CLANG_ANALYZER_NUMBER_OBJECT_CONVERSION = YES_AGGRESSIVE;
				CLANG_CXX_LANGUAGE_STANDARD = "gnu++20";
				CLANG_ENABLE_MODULES = YES;
				CLANG_ENABLE_OBJC_ARC = YES;
				CLANG_ENABLE_OBJC_WEAK = YES;
				CLANG_WARN_BLOCK_CAPTURE_AUTORELEASING = YES;
				CLANG_WARN_BOOL_CONVERSION = YES;
				CLANG_WARN_COMMA = YES;
				CLANG_WARN_CONSTANT_CONVERSION = YES;
				CLANG_WARN_DEPRECATED_OBJC_IMPLEMENTATIONS = YES;
				CLANG_WARN_DIRECT_OBJC_ISA_USAGE = YES_ERROR;
				CLANG_WARN_DOCUMENTATION_COMMENTS = YES;
				CLANG_WARN_EMPTY_BODY = YES;
				CLANG_WARN_ENUM_CONVERSION = YES;
				CLANG_WARN_INFINITE_RECURSION = YES;
				CLANG_WARN_INT_CONVERSION = YES;
				CLANG_WARN_NON_LITERAL_NULL_CONVERSION = YES;
				CLANG_WARN_OBJC_IMPLICIT_RETAIN_SELF = YES;
				CLANG_WARN_OBJC_LITERAL_CONVERSION = YES;
				CLANG_WARN_OBJC_ROOT_CLASS = YES_ERROR;
				CLANG_WARN_QUOTED_INCLUDE_IN_FRAMEWORK_HEADER = YES;
				CLANG_WARN_RANGE_LOOP_ANALYSIS = YES;
				CLANG_WARN_STRICT_PROTOTYPES = YES;
				CLANG_WARN_SUSPICIOUS_MOVE = YES;
				CLANG_WARN_UNGUARDED_AVAILABILITY = YES_AGGRESSIVE;
				CLANG_WARN_UNREACHABLE_CODE = YES;
				CLANG_WARN__DUPLICATE_METHOD_MATCH = YES;
				COPY_PHASE_STRIP = NO;
				DEBUG_INFORMATION_FORMAT = dwarf;
				ENABLE_STRICT_OBJC_MSGSEND = YES;
				ENABLE_TESTABILITY = YES;
				GCC_C_LANGUAGE_STANDARD = gnu11;
				GCC_DYNAMIC_NO_PIC = NO;
				GCC_NO_COMMON_BLOCKS = YES;
				GCC_OPTIMIZATION_LEVEL = 0;
				GCC_PREPROCESSOR_DEFINITIONS = (
					"DEBUG=1",
					"$(inherited)",
				);
				GCC_WARN_64_TO_32_BIT_CONVERSION = YES;
				GCC_WARN_ABOUT_RETURN_TYPE = YES_ERROR;
				GCC_WARN_UNDECLARED_SELECTOR = YES;
				GCC_WARN_UNINITIALIZED_AUTOS = YES_AGGRESSIVE;
				GCC_WARN_UNUSED_FUNCTION = YES;
				GCC_WARN_UNUSED_VARIABLE = YES;
				MTL_ENABLE_DEBUG_INFO = INCLUDE_SOURCE;
				MTL_FAST_MATH = YES;
				ONLY_ACTIVE_ARCH = YES;
				SWIFT_ACTIVE_COMPILATION_CONDITIONS = DEBUG;
				SWIFT_OPTIMIZATION_LEVEL = "-Onone";
			};
			name = Debug;
		};
		F1BCABFE29660C00008E2FE8 /* Release */ = {
			isa = XCBuildConfiguration;
			buildSettings = {
				ALWAYS_SEARCH_USER_PATHS = NO;
				CLANG_ANALYZER_NONNULL = YES;
				CLANG_ANALYZER_NUMBER_OBJECT_CONVERSION = YES_AGGRESSIVE;
				CLANG_CXX_LANGUAGE_STANDARD = "gnu++20";
				CLANG_ENABLE_MODULES = YES;
				CLANG_ENABLE_OBJC_ARC = YES;
				CLANG_ENABLE_OBJC_WEAK = YES;
				CLANG_WARN_BLOCK_CAPTURE_AUTORELEASING = YES;
				CLANG_WARN_BOOL_CONVERSION = YES;
				CLANG_WARN_COMMA = YES;
				CLANG_WARN_CONSTANT_CONVERSION = YES;
				CLANG_WARN_DEPRECATED_OBJC_IMPLEMENTATIONS = YES;
				CLANG_WARN_DIRECT_OBJC_ISA_USAGE = YES_ERROR;
				CLANG_WARN_DOCUMENTATION_COMMENTS = YES;
				CLANG_WARN_EMPTY_BODY = YES;
				CLANG_WARN_ENUM_CONVERSION = YES;
				CLANG_WARN_INFINITE_RECURSION = YES;
				CLANG_WARN_INT_CONVERSION = YES;
				CLANG_WARN_NON_LITERAL_NULL_CONVERSION = YES;
				CLANG_WARN_OBJC_IMPLICIT_RETAIN_SELF = YES;
				CLANG_WARN_OBJC_LITERAL_CONVERSION = YES;
				CLANG_WARN_OBJC_ROOT_CLASS = YES_ERROR;
				CLANG_WARN_QUOTED_INCLUDE_IN_FRAMEWORK_HEADER = YES;
				CLANG_WARN_RANGE_LOOP_ANALYSIS = YES;
				CLANG_WARN_STRICT_PROTOTYPES = YES;
				CLANG_WARN_SUSPICIOUS_MOVE = YES;
				CLANG_WARN_UNGUARDED_AVAILABILITY = YES_AGGRESSIVE;
				CLANG_WARN_UNREACHABLE_CODE = YES;
				CLANG_WARN__DUPLICATE_METHOD_MATCH = YES;
				COPY_PHASE_STRIP = NO;
				DEBUG_INFORMATION_FORMAT = "dwarf-with-dsym";
				ENABLE_NS_ASSERTIONS = NO;
				ENABLE_STRICT_OBJC_MSGSEND = YES;
				GCC_C_LANGUAGE_STANDARD = gnu11;
				GCC_NO_COMMON_BLOCKS = YES;
				GCC_WARN_64_TO_32_BIT_CONVERSION = YES;
				GCC_WARN_ABOUT_RETURN_TYPE = YES_ERROR;
				GCC_WARN_UNDECLARED_SELECTOR = YES;
				GCC_WARN_UNINITIALIZED_AUTOS = YES_AGGRESSIVE;
				GCC_WARN_UNUSED_FUNCTION = YES;
				GCC_WARN_UNUSED_VARIABLE = YES;
				MTL_ENABLE_DEBUG_INFO = NO;
				MTL_FAST_MATH = YES;
				SWIFT_COMPILATION_MODE = wholemodule;
				SWIFT_OPTIMIZATION_LEVEL = "-O";
			};
			name = Release;
		};
		F1BCAC0029660C00008E2FE8 /* Debug */ = {
			isa = XCBuildConfiguration;
			buildSettings = {
				ASSETCATALOG_COMPILER_APPICON_NAME = AppIcon;
				ASSETCATALOG_COMPILER_GLOBAL_ACCENT_COLOR_NAME = AccentColor;
				CODE_SIGN_ENTITLEMENTS = SelfMadeNetworking/SelfMadeNetworking.entitlements;
				CODE_SIGN_STYLE = Automatic;
				CURRENT_PROJECT_VERSION = 1;
				DEVELOPMENT_ASSET_PATHS = "\"SelfMadeNetworking/Preview Content\"";
				DEVELOPMENT_TEAM = YJ9VLQ669Q;
				ENABLE_HARDENED_RUNTIME = YES;
				ENABLE_PREVIEWS = YES;
				GENERATE_INFOPLIST_FILE = YES;
				"INFOPLIST_KEY_UIApplicationSceneManifest_Generation[sdk=iphoneos*]" = YES;
				"INFOPLIST_KEY_UIApplicationSceneManifest_Generation[sdk=iphonesimulator*]" = YES;
				"INFOPLIST_KEY_UIApplicationSupportsIndirectInputEvents[sdk=iphoneos*]" = YES;
				"INFOPLIST_KEY_UIApplicationSupportsIndirectInputEvents[sdk=iphonesimulator*]" = YES;
				"INFOPLIST_KEY_UILaunchScreen_Generation[sdk=iphoneos*]" = YES;
				"INFOPLIST_KEY_UILaunchScreen_Generation[sdk=iphonesimulator*]" = YES;
				"INFOPLIST_KEY_UIStatusBarStyle[sdk=iphoneos*]" = UIStatusBarStyleDefault;
				"INFOPLIST_KEY_UIStatusBarStyle[sdk=iphonesimulator*]" = UIStatusBarStyleDefault;
				INFOPLIST_KEY_UISupportedInterfaceOrientations_iPad = "UIInterfaceOrientationPortrait UIInterfaceOrientationPortraitUpsideDown UIInterfaceOrientationLandscapeLeft UIInterfaceOrientationLandscapeRight";
				INFOPLIST_KEY_UISupportedInterfaceOrientations_iPhone = "UIInterfaceOrientationPortrait UIInterfaceOrientationLandscapeLeft UIInterfaceOrientationLandscapeRight";
				IPHONEOS_DEPLOYMENT_TARGET = 16.2;
				LD_RUNPATH_SEARCH_PATHS = "@executable_path/Frameworks";
				"LD_RUNPATH_SEARCH_PATHS[sdk=macosx*]" = "@executable_path/../Frameworks";
				MACOSX_DEPLOYMENT_TARGET = 12.6;
				MARKETING_VERSION = 1.0;
				PRODUCT_BUNDLE_IDENTIFIER = com.roman.pro.and.olga.covalenko.SelfMadeNetworking;
				PRODUCT_NAME = "$(TARGET_NAME)";
				SDKROOT = auto;
				SUPPORTED_PLATFORMS = "iphoneos iphonesimulator macosx";
				SWIFT_EMIT_LOC_STRINGS = YES;
				SWIFT_VERSION = 5.0;
				TARGETED_DEVICE_FAMILY = "1,2";
			};
			name = Debug;
		};
		F1BCAC0129660C00008E2FE8 /* Release */ = {
			isa = XCBuildConfiguration;
			buildSettings = {
				ASSETCATALOG_COMPILER_APPICON_NAME = AppIcon;
				ASSETCATALOG_COMPILER_GLOBAL_ACCENT_COLOR_NAME = AccentColor;
				CODE_SIGN_ENTITLEMENTS = SelfMadeNetworking/SelfMadeNetworking.entitlements;
				CODE_SIGN_STYLE = Automatic;
				CURRENT_PROJECT_VERSION = 1;
				DEVELOPMENT_ASSET_PATHS = "\"SelfMadeNetworking/Preview Content\"";
				DEVELOPMENT_TEAM = YJ9VLQ669Q;
				ENABLE_HARDENED_RUNTIME = YES;
				ENABLE_PREVIEWS = YES;
				GENERATE_INFOPLIST_FILE = YES;
				"INFOPLIST_KEY_UIApplicationSceneManifest_Generation[sdk=iphoneos*]" = YES;
				"INFOPLIST_KEY_UIApplicationSceneManifest_Generation[sdk=iphonesimulator*]" = YES;
				"INFOPLIST_KEY_UIApplicationSupportsIndirectInputEvents[sdk=iphoneos*]" = YES;
				"INFOPLIST_KEY_UIApplicationSupportsIndirectInputEvents[sdk=iphonesimulator*]" = YES;
				"INFOPLIST_KEY_UILaunchScreen_Generation[sdk=iphoneos*]" = YES;
				"INFOPLIST_KEY_UILaunchScreen_Generation[sdk=iphonesimulator*]" = YES;
				"INFOPLIST_KEY_UIStatusBarStyle[sdk=iphoneos*]" = UIStatusBarStyleDefault;
				"INFOPLIST_KEY_UIStatusBarStyle[sdk=iphonesimulator*]" = UIStatusBarStyleDefault;
				INFOPLIST_KEY_UISupportedInterfaceOrientations_iPad = "UIInterfaceOrientationPortrait UIInterfaceOrientationPortraitUpsideDown UIInterfaceOrientationLandscapeLeft UIInterfaceOrientationLandscapeRight";
				INFOPLIST_KEY_UISupportedInterfaceOrientations_iPhone = "UIInterfaceOrientationPortrait UIInterfaceOrientationLandscapeLeft UIInterfaceOrientationLandscapeRight";
				IPHONEOS_DEPLOYMENT_TARGET = 16.2;
				LD_RUNPATH_SEARCH_PATHS = "@executable_path/Frameworks";
				"LD_RUNPATH_SEARCH_PATHS[sdk=macosx*]" = "@executable_path/../Frameworks";
				MACOSX_DEPLOYMENT_TARGET = 12.6;
				MARKETING_VERSION = 1.0;
				PRODUCT_BUNDLE_IDENTIFIER = com.roman.pro.and.olga.covalenko.SelfMadeNetworking;
				PRODUCT_NAME = "$(TARGET_NAME)";
				SDKROOT = auto;
				SUPPORTED_PLATFORMS = "iphoneos iphonesimulator macosx";
				SWIFT_EMIT_LOC_STRINGS = YES;
				SWIFT_VERSION = 5.0;
				TARGETED_DEVICE_FAMILY = "1,2";
			};
			name = Release;
		};
/* End XCBuildConfiguration section */

/* Begin XCConfigurationList section */
		F1BCABEB29660BFB008E2FE8 /* Build configuration list for PBXProject "SelfMadeNetworking" */ = {
			isa = XCConfigurationList;
			buildConfigurations = (
				F1BCABFD29660C00008E2FE8 /* Debug */,
				F1BCABFE29660C00008E2FE8 /* Release */,
			);
			defaultConfigurationIsVisible = 0;
			defaultConfigurationName = Release;
		};
		F1BCABFF29660C00008E2FE8 /* Build configuration list for PBXNativeTarget "SelfMadeNetworking" */ = {
			isa = XCConfigurationList;
			buildConfigurations = (
				F1BCAC0029660C00008E2FE8 /* Debug */,
				F1BCAC0129660C00008E2FE8 /* Release */,
			);
			defaultConfigurationIsVisible = 0;
			defaultConfigurationName = Release;
		};
/* End XCConfigurationList section */
	};
	rootObject = F1BCABE829660BFB008E2FE8 /* Project object */;
}
